// !$*UTF8*$!
{
	archiveVersion = 1;
	classes = {
	};
	objectVersion = 48;
	objects = {

/* Begin PBXBuildFile section */
		0D03A3BC20489EE200786C47 /* AppDelegate.swift in Sources */ = {isa = PBXBuildFile; fileRef = 0D03A3BB20489EE200786C47 /* AppDelegate.swift */; };
		0D03A3BE20489EE200786C47 /* MainViewController.swift in Sources */ = {isa = PBXBuildFile; fileRef = 0D03A3BD20489EE200786C47 /* MainViewController.swift */; };
		0D03A3C120489EE200786C47 /* Main.storyboard in Resources */ = {isa = PBXBuildFile; fileRef = 0D03A3BF20489EE200786C47 /* Main.storyboard */; };
		0D03A3C420489EE200786C47 /* Channel_Tests.xcdatamodeld in Sources */ = {isa = PBXBuildFile; fileRef = 0D03A3C220489EE200786C47 /* Channel_Tests.xcdatamodeld */; };
		0D03A3C620489EE200786C47 /* Assets.xcassets in Resources */ = {isa = PBXBuildFile; fileRef = 0D03A3C520489EE200786C47 /* Assets.xcassets */; };
		0D03A3C920489EE200786C47 /* LaunchScreen.storyboard in Resources */ = {isa = PBXBuildFile; fileRef = 0D03A3C720489EE200786C47 /* LaunchScreen.storyboard */; };
		0D12032C2048B11F00AA421B /* GoogleService-Info.plist in Resources */ = {isa = PBXBuildFile; fileRef = 0D12032B2048B11F00AA421B /* GoogleService-Info.plist */; };
		0D12032E2048B17F00AA421B /* Firebase Link.swift in Sources */ = {isa = PBXBuildFile; fileRef = 0D12032D2048B17F00AA421B /* Firebase Link.swift */; };
		0D4F51B82048E936002E2F93 /* Utilities.swift in Sources */ = {isa = PBXBuildFile; fileRef = 0D4F51B72048E936002E2F93 /* Utilities.swift */; };
		0D4F51BA2048EE43002E2F93 /* Weekly Stats.swift in Sources */ = {isa = PBXBuildFile; fileRef = 0D4F51B92048EE43002E2F93 /* Weekly Stats.swift */; };
		1AC907B1C2BA357938E54DA8 /* Pods_Channel_Tests.framework in Frameworks */ = {isa = PBXBuildFile; fileRef = 3DC4F167B53AAEE7E869F13E /* Pods_Channel_Tests.framework */; };
/* End PBXBuildFile section */

/* Begin PBXFileReference section */
		0D03A3B820489EE200786C47 /* Channel Tests.app */ = {isa = PBXFileReference; explicitFileType = wrapper.application; includeInIndex = 0; path = "Channel Tests.app"; sourceTree = BUILT_PRODUCTS_DIR; };
		0D03A3BB20489EE200786C47 /* AppDelegate.swift */ = {isa = PBXFileReference; lastKnownFileType = sourcecode.swift; path = AppDelegate.swift; sourceTree = "<group>"; };
		0D03A3BD20489EE200786C47 /* MainViewController.swift */ = {isa = PBXFileReference; lastKnownFileType = sourcecode.swift; path = MainViewController.swift; sourceTree = "<group>"; };
		0D03A3C020489EE200786C47 /* Base */ = {isa = PBXFileReference; lastKnownFileType = file.storyboard; name = Base; path = Base.lproj/Main.storyboard; sourceTree = "<group>"; };
		0D03A3C320489EE200786C47 /* Channel_Tests.xcdatamodel */ = {isa = PBXFileReference; lastKnownFileType = wrapper.xcdatamodel; path = Channel_Tests.xcdatamodel; sourceTree = "<group>"; };
		0D03A3C520489EE200786C47 /* Assets.xcassets */ = {isa = PBXFileReference; lastKnownFileType = folder.assetcatalog; path = Assets.xcassets; sourceTree = "<group>"; };
		0D03A3C820489EE200786C47 /* Base */ = {isa = PBXFileReference; lastKnownFileType = file.storyboard; name = Base; path = Base.lproj/LaunchScreen.storyboard; sourceTree = "<group>"; };
		0D03A3CA20489EE200786C47 /* Info.plist */ = {isa = PBXFileReference; lastKnownFileType = text.plist.xml; path = Info.plist; sourceTree = "<group>"; };
		0D12032B2048B11F00AA421B /* GoogleService-Info.plist */ = {isa = PBXFileReference; fileEncoding = 4; lastKnownFileType = text.plist.xml; path = "GoogleService-Info.plist"; sourceTree = "<group>"; };
		0D12032D2048B17F00AA421B /* Firebase Link.swift */ = {isa = PBXFileReference; lastKnownFileType = sourcecode.swift; path = "Firebase Link.swift"; sourceTree = "<group>"; };
		0D4F51B72048E936002E2F93 /* Utilities.swift */ = {isa = PBXFileReference; lastKnownFileType = sourcecode.swift; path = Utilities.swift; sourceTree = "<group>"; };
		0D4F51B92048EE43002E2F93 /* Weekly Stats.swift */ = {isa = PBXFileReference; lastKnownFileType = sourcecode.swift; path = "Weekly Stats.swift"; sourceTree = "<group>"; };
		3DC4F167B53AAEE7E869F13E /* Pods_Channel_Tests.framework */ = {isa = PBXFileReference; explicitFileType = wrapper.framework; includeInIndex = 0; path = Pods_Channel_Tests.framework; sourceTree = BUILT_PRODUCTS_DIR; };
		6844FBE5B7ED0FFB2817DD47 /* Pods-Channel Tests.debug.xcconfig */ = {isa = PBXFileReference; includeInIndex = 1; lastKnownFileType = text.xcconfig; name = "Pods-Channel Tests.debug.xcconfig"; path = "Pods/Target Support Files/Pods-Channel Tests/Pods-Channel Tests.debug.xcconfig"; sourceTree = "<group>"; };
		9B50A7CFBB30971CA343F69F /* Pods-Channel Tests.release.xcconfig */ = {isa = PBXFileReference; includeInIndex = 1; lastKnownFileType = text.xcconfig; name = "Pods-Channel Tests.release.xcconfig"; path = "Pods/Target Support Files/Pods-Channel Tests/Pods-Channel Tests.release.xcconfig"; sourceTree = "<group>"; };
/* End PBXFileReference section */

/* Begin PBXFrameworksBuildPhase section */
		0D03A3B520489EE200786C47 /* Frameworks */ = {
			isa = PBXFrameworksBuildPhase;
			buildActionMask = 2147483647;
			files = (
				1AC907B1C2BA357938E54DA8 /* Pods_Channel_Tests.framework in Frameworks */,
			);
			runOnlyForDeploymentPostprocessing = 0;
		};
/* End PBXFrameworksBuildPhase section */

/* Begin PBXGroup section */
		0D03A3AF20489EE200786C47 = {
			isa = PBXGroup;
			children = (
				0D03A3BA20489EE200786C47 /* Channel Tests */,
				0D03A3B920489EE200786C47 /* Products */,
				A24CEF5A24CC9303BD085F62 /* Pods */,
				ED15C37E5D635B876D25FAE4 /* Frameworks */,
			);
			sourceTree = "<group>";
		};
		0D03A3B920489EE200786C47 /* Products */ = {
			isa = PBXGroup;
			children = (
				0D03A3B820489EE200786C47 /* Channel Tests.app */,
			);
			name = Products;
			sourceTree = "<group>";
		};
		0D03A3BA20489EE200786C47 /* Channel Tests */ = {
			isa = PBXGroup;
			children = (
				0D03A3BF20489EE200786C47 /* Main.storyboard */,
				0D03A3BD20489EE200786C47 /* MainViewController.swift */,
				0D12032D2048B17F00AA421B /* Firebase Link.swift */,
				0D4F51B72048E936002E2F93 /* Utilities.swift */,
				0D4F51B92048EE43002E2F93 /* Weekly Stats.swift */,
				0D03A3C520489EE200786C47 /* Assets.xcassets */,
				0D03A3C720489EE200786C47 /* LaunchScreen.storyboard */,
				0D03A3CA20489EE200786C47 /* Info.plist */,
				0D03A3C220489EE200786C47 /* Channel_Tests.xcdatamodeld */,
				0D12032B2048B11F00AA421B /* GoogleService-Info.plist */,
				0D03A3BB20489EE200786C47 /* AppDelegate.swift */,
			);
			path = "Channel Tests";
			sourceTree = "<group>";
		};
		A24CEF5A24CC9303BD085F62 /* Pods */ = {
			isa = PBXGroup;
			children = (
				6844FBE5B7ED0FFB2817DD47 /* Pods-Channel Tests.debug.xcconfig */,
				9B50A7CFBB30971CA343F69F /* Pods-Channel Tests.release.xcconfig */,
			);
			name = Pods;
			sourceTree = "<group>";
		};
		ED15C37E5D635B876D25FAE4 /* Frameworks */ = {
			isa = PBXGroup;
			children = (
				3DC4F167B53AAEE7E869F13E /* Pods_Channel_Tests.framework */,
			);
			name = Frameworks;
			sourceTree = "<group>";
		};
/* End PBXGroup section */

/* Begin PBXNativeTarget section */
		0D03A3B720489EE200786C47 /* Channel Tests */ = {
			isa = PBXNativeTarget;
			buildConfigurationList = 0D03A3CD20489EE200786C47 /* Build configuration list for PBXNativeTarget "Channel Tests" */;
			buildPhases = (
				6F656E84671C03F4F8AAA3BD /* [CP] Check Pods Manifest.lock */,
				0D03A3B420489EE200786C47 /* Sources */,
				0D03A3B520489EE200786C47 /* Frameworks */,
				0D03A3B620489EE200786C47 /* Resources */,
				2CBB24A1831780D3A6199F69 /* [CP] Embed Pods Frameworks */,
				FB0A78A063F6B839E1C9F464 /* [CP] Copy Pods Resources */,
			);
			buildRules = (
			);
			dependencies = (
			);
			name = "Channel Tests";
			productName = "Channel Tests";
			productReference = 0D03A3B820489EE200786C47 /* Channel Tests.app */;
			productType = "com.apple.product-type.application";
		};
/* End PBXNativeTarget section */

/* Begin PBXProject section */
		0D03A3B020489EE200786C47 /* Project object */ = {
			isa = PBXProject;
			attributes = {
				LastSwiftUpdateCheck = 0920;
				LastUpgradeCheck = 0920;
				ORGANIZATIONNAME = "Warren Hansen";
				TargetAttributes = {
					0D03A3B720489EE200786C47 = {
						CreatedOnToolsVersion = 9.2;
						ProvisioningStyle = Automatic;
					};
				};
			};
			buildConfigurationList = 0D03A3B320489EE200786C47 /* Build configuration list for PBXProject "Channel Tests" */;
			compatibilityVersion = "Xcode 8.0";
			developmentRegion = en;
			hasScannedForEncodings = 0;
			knownRegions = (
				en,
				Base,
			);
			mainGroup = 0D03A3AF20489EE200786C47;
			productRefGroup = 0D03A3B920489EE200786C47 /* Products */;
			projectDirPath = "";
			projectRoot = "";
			targets = (
				0D03A3B720489EE200786C47 /* Channel Tests */,
			);
		};
/* End PBXProject section */

/* Begin PBXResourcesBuildPhase section */
		0D03A3B620489EE200786C47 /* Resources */ = {
			isa = PBXResourcesBuildPhase;
			buildActionMask = 2147483647;
			files = (
				0D03A3C920489EE200786C47 /* LaunchScreen.storyboard in Resources */,
				0D12032C2048B11F00AA421B /* GoogleService-Info.plist in Resources */,
				0D03A3C620489EE200786C47 /* Assets.xcassets in Resources */,
				0D03A3C120489EE200786C47 /* Main.storyboard in Resources */,
			);
			runOnlyForDeploymentPostprocessing = 0;
		};
/* End PBXResourcesBuildPhase section */

/* Begin PBXShellScriptBuildPhase section */
		2CBB24A1831780D3A6199F69 /* [CP] Embed Pods Frameworks */ = {
			isa = PBXShellScriptBuildPhase;
			buildActionMask = 2147483647;
			files = (
			);
			inputPaths = (
				"${SRCROOT}/Pods/Target Support Files/Pods-Channel Tests/Pods-Channel Tests-frameworks.sh",
				"${BUILT_PRODUCTS_DIR}/GTMSessionFetcher/GTMSessionFetcher.framework",
				"${BUILT_PRODUCTS_DIR}/GoogleToolboxForMac/GoogleToolboxForMac.framework",
				"${BUILT_PRODUCTS_DIR}/Realm/Realm.framework",
				"${BUILT_PRODUCTS_DIR}/RealmSwift/RealmSwift.framework",
				"${BUILT_PRODUCTS_DIR}/RxCocoa/RxCocoa.framework",
				"${BUILT_PRODUCTS_DIR}/RxSwift/RxSwift.framework",
				"${PODS_ROOT}/SciChart/SciChart.framework",
				"${BUILT_PRODUCTS_DIR}/leveldb-library/leveldb.framework",
				"${BUILT_PRODUCTS_DIR}/nanopb/nanopb.framework",
			);
			name = "[CP] Embed Pods Frameworks";
			outputPaths = (
				"${TARGET_BUILD_DIR}/${FRAMEWORKS_FOLDER_PATH}/GTMSessionFetcher.framework",
				"${TARGET_BUILD_DIR}/${FRAMEWORKS_FOLDER_PATH}/GoogleToolboxForMac.framework",
				"${TARGET_BUILD_DIR}/${FRAMEWORKS_FOLDER_PATH}/Realm.framework",
				"${TARGET_BUILD_DIR}/${FRAMEWORKS_FOLDER_PATH}/RealmSwift.framework",
				"${TARGET_BUILD_DIR}/${FRAMEWORKS_FOLDER_PATH}/RxCocoa.framework",
				"${TARGET_BUILD_DIR}/${FRAMEWORKS_FOLDER_PATH}/RxSwift.framework",
				"${TARGET_BUILD_DIR}/${FRAMEWORKS_FOLDER_PATH}/SciChart.framework",
				"${TARGET_BUILD_DIR}/${FRAMEWORKS_FOLDER_PATH}/leveldb.framework",
				"${TARGET_BUILD_DIR}/${FRAMEWORKS_FOLDER_PATH}/nanopb.framework",
			);
			runOnlyForDeploymentPostprocessing = 0;
			shellPath = /bin/sh;
			shellScript = "\"${SRCROOT}/Pods/Target Support Files/Pods-Channel Tests/Pods-Channel Tests-frameworks.sh\"\n";
			showEnvVarsInLog = 0;
		};
		6F656E84671C03F4F8AAA3BD /* [CP] Check Pods Manifest.lock */ = {
			isa = PBXShellScriptBuildPhase;
			buildActionMask = 2147483647;
			files = (
			);
			inputPaths = (
				"${PODS_PODFILE_DIR_PATH}/Podfile.lock",
				"${PODS_ROOT}/Manifest.lock",
			);
			name = "[CP] Check Pods Manifest.lock";
			outputPaths = (
				"$(DERIVED_FILE_DIR)/Pods-Channel Tests-checkManifestLockResult.txt",
			);
			runOnlyForDeploymentPostprocessing = 0;
			shellPath = /bin/sh;
			shellScript = "diff \"${PODS_PODFILE_DIR_PATH}/Podfile.lock\" \"${PODS_ROOT}/Manifest.lock\" > /dev/null\nif [ $? != 0 ] ; then\n    # print error to STDERR\n    echo \"error: The sandbox is not in sync with the Podfile.lock. Run 'pod install' or update your CocoaPods installation.\" >&2\n    exit 1\nfi\n# This output is used by Xcode 'outputs' to avoid re-running this script phase.\necho \"SUCCESS\" > \"${SCRIPT_OUTPUT_FILE_0}\"\n";
			showEnvVarsInLog = 0;
		};
		FB0A78A063F6B839E1C9F464 /* [CP] Copy Pods Resources */ = {
			isa = PBXShellScriptBuildPhase;
			buildActionMask = 2147483647;
			files = (
			);
			inputPaths = (
			);
			name = "[CP] Copy Pods Resources";
			outputPaths = (
			);
			runOnlyForDeploymentPostprocessing = 0;
			shellPath = /bin/sh;
			shellScript = "\"${SRCROOT}/Pods/Target Support Files/Pods-Channel Tests/Pods-Channel Tests-resources.sh\"\n";
			showEnvVarsInLog = 0;
		};
/* End PBXShellScriptBuildPhase section */

/* Begin PBXSourcesBuildPhase section */
		0D03A3B420489EE200786C47 /* Sources */ = {
			isa = PBXSourcesBuildPhase;
			buildActionMask = 2147483647;
			files = (
				0D03A3BE20489EE200786C47 /* MainViewController.swift in Sources */,
				0D12032E2048B17F00AA421B /* Firebase Link.swift in Sources */,
				0D03A3BC20489EE200786C47 /* AppDelegate.swift in Sources */,
				0D4F51BA2048EE43002E2F93 /* Weekly Stats.swift in Sources */,
				0D4F51B82048E936002E2F93 /* Utilities.swift in Sources */,
				0D03A3C420489EE200786C47 /* Channel_Tests.xcdatamodeld in Sources */,
			);
			runOnlyForDeploymentPostprocessing = 0;
		};
/* End PBXSourcesBuildPhase section */

/* Begin PBXVariantGroup section */
		0D03A3BF20489EE200786C47 /* Main.storyboard */ = {
			isa = PBXVariantGroup;
			children = (
				0D03A3C020489EE200786C47 /* Base */,
			);
			name = Main.storyboard;
			sourceTree = "<group>";
		};
		0D03A3C720489EE200786C47 /* LaunchScreen.storyboard */ = {
			isa = PBXVariantGroup;
			children = (
				0D03A3C820489EE200786C47 /* Base */,
			);
			name = LaunchScreen.storyboard;
			sourceTree = "<group>";
		};
/* End PBXVariantGroup section */

/* Begin XCBuildConfiguration section */
		0D03A3CB20489EE200786C47 /* Debug */ = {
			isa = XCBuildConfiguration;
			buildSettings = {
				ALWAYS_SEARCH_USER_PATHS = NO;
				CLANG_ANALYZER_NONNULL = YES;
				CLANG_ANALYZER_NUMBER_OBJECT_CONVERSION = YES_AGGRESSIVE;
				CLANG_CXX_LANGUAGE_STANDARD = "gnu++14";
				CLANG_CXX_LIBRARY = "libc++";
				CLANG_ENABLE_MODULES = YES;
				CLANG_ENABLE_OBJC_ARC = YES;
				CLANG_WARN_BLOCK_CAPTURE_AUTORELEASING = YES;
				CLANG_WARN_BOOL_CONVERSION = YES;
				CLANG_WARN_COMMA = YES;
				CLANG_WARN_CONSTANT_CONVERSION = YES;
				CLANG_WARN_DIRECT_OBJC_ISA_USAGE = YES_ERROR;
				CLANG_WARN_DOCUMENTATION_COMMENTS = YES;
				CLANG_WARN_EMPTY_BODY = YES;
				CLANG_WARN_ENUM_CONVERSION = YES;
				CLANG_WARN_INFINITE_RECURSION = YES;
				CLANG_WARN_INT_CONVERSION = YES;
				CLANG_WARN_NON_LITERAL_NULL_CONVERSION = YES;
				CLANG_WARN_OBJC_LITERAL_CONVERSION = YES;
				CLANG_WARN_OBJC_ROOT_CLASS = YES_ERROR;
				CLANG_WARN_RANGE_LOOP_ANALYSIS = YES;
				CLANG_WARN_STRICT_PROTOTYPES = YES;
				CLANG_WARN_SUSPICIOUS_MOVE = YES;
				CLANG_WARN_UNGUARDED_AVAILABILITY = YES_AGGRESSIVE;
				CLANG_WARN_UNREACHABLE_CODE = YES;
				CLANG_WARN__DUPLICATE_METHOD_MATCH = YES;
				CODE_SIGN_IDENTITY = "iPhone Developer";
				COPY_PHASE_STRIP = NO;
				DEBUG_INFORMATION_FORMAT = dwarf;
				ENABLE_STRICT_OBJC_MSGSEND = YES;
				ENABLE_TESTABILITY = YES;
				GCC_C_LANGUAGE_STANDARD = gnu11;
				GCC_DYNAMIC_NO_PIC = NO;
				GCC_NO_COMMON_BLOCKS = YES;
				GCC_OPTIMIZATION_LEVEL = 0;
				GCC_PREPROCESSOR_DEFINITIONS = (
					"DEBUG=1",
					"$(inherited)",
				);
				GCC_WARN_64_TO_32_BIT_CONVERSION = YES;
				GCC_WARN_ABOUT_RETURN_TYPE = YES_ERROR;
				GCC_WARN_UNDECLARED_SELECTOR = YES;
				GCC_WARN_UNINITIALIZED_AUTOS = YES_AGGRESSIVE;
				GCC_WARN_UNUSED_FUNCTION = YES;
				GCC_WARN_UNUSED_VARIABLE = YES;
				IPHONEOS_DEPLOYMENT_TARGET = 11.2;
				MTL_ENABLE_DEBUG_INFO = YES;
				ONLY_ACTIVE_ARCH = YES;
				SDKROOT = iphoneos;
				SWIFT_ACTIVE_COMPILATION_CONDITIONS = DEBUG;
				SWIFT_OPTIMIZATION_LEVEL = "-Onone";
			};
			name = Debug;
		};
		0D03A3CC20489EE200786C47 /* Release */ = {
			isa = XCBuildConfiguration;
			buildSettings = {
				ALWAYS_SEARCH_USER_PATHS = NO;
				CLANG_ANALYZER_NONNULL = YES;
				CLANG_ANALYZER_NUMBER_OBJECT_CONVERSION = YES_AGGRESSIVE;
				CLANG_CXX_LANGUAGE_STANDARD = "gnu++14";
				CLANG_CXX_LIBRARY = "libc++";
				CLANG_ENABLE_MODULES = YES;
				CLANG_ENABLE_OBJC_ARC = YES;
				CLANG_WARN_BLOCK_CAPTURE_AUTORELEASING = YES;
				CLANG_WARN_BOOL_CONVERSION = YES;
				CLANG_WARN_COMMA = YES;
				CLANG_WARN_CONSTANT_CONVERSION = YES;
				CLANG_WARN_DIRECT_OBJC_ISA_USAGE = YES_ERROR;
				CLANG_WARN_DOCUMENTATION_COMMENTS = YES;
				CLANG_WARN_EMPTY_BODY = YES;
				CLANG_WARN_ENUM_CONVERSION = YES;
				CLANG_WARN_INFINITE_RECURSION = YES;
				CLANG_WARN_INT_CONVERSION = YES;
				CLANG_WARN_NON_LITERAL_NULL_CONVERSION = YES;
				CLANG_WARN_OBJC_LITERAL_CONVERSION = YES;
				CLANG_WARN_OBJC_ROOT_CLASS = YES_ERROR;
				CLANG_WARN_RANGE_LOOP_ANALYSIS = YES;
				CLANG_WARN_STRICT_PROTOTYPES = YES;
				CLANG_WARN_SUSPICIOUS_MOVE = YES;
				CLANG_WARN_UNGUARDED_AVAILABILITY = YES_AGGRESSIVE;
				CLANG_WARN_UNREACHABLE_CODE = YES;
				CLANG_WARN__DUPLICATE_METHOD_MATCH = YES;
				CODE_SIGN_IDENTITY = "iPhone Developer";
				COPY_PHASE_STRIP = NO;
				DEBUG_INFORMATION_FORMAT = "dwarf-with-dsym";
				ENABLE_NS_ASSERTIONS = NO;
				ENABLE_STRICT_OBJC_MSGSEND = YES;
				GCC_C_LANGUAGE_STANDARD = gnu11;
				GCC_NO_COMMON_BLOCKS = YES;
				GCC_WARN_64_TO_32_BIT_CONVERSION = YES;
				GCC_WARN_ABOUT_RETURN_TYPE = YES_ERROR;
				GCC_WARN_UNDECLARED_SELECTOR = YES;
				GCC_WARN_UNINITIALIZED_AUTOS = YES_AGGRESSIVE;
				GCC_WARN_UNUSED_FUNCTION = YES;
				GCC_WARN_UNUSED_VARIABLE = YES;
				IPHONEOS_DEPLOYMENT_TARGET = 11.2;
				MTL_ENABLE_DEBUG_INFO = NO;
				SDKROOT = iphoneos;
				SWIFT_OPTIMIZATION_LEVEL = "-Owholemodule";
				VALIDATE_PRODUCT = YES;
			};
			name = Release;
		};
		0D03A3CE20489EE200786C47 /* Debug */ = {
			isa = XCBuildConfiguration;
			baseConfigurationReference = 6844FBE5B7ED0FFB2817DD47 /* Pods-Channel Tests.debug.xcconfig */;
			buildSettings = {
				ASSETCATALOG_COMPILER_APPICON_NAME = AppIcon;
				CODE_SIGN_STYLE = Automatic;
				DEVELOPMENT_TEAM = 22U4CL887R;
				INFOPLIST_FILE = "Channel Tests/Info.plist";
				LD_RUNPATH_SEARCH_PATHS = "$(inherited) @executable_path/Frameworks";
				PRODUCT_BUNDLE_IDENTIFIER = "TradeStrat.Channel-Tests";
				PRODUCT_NAME = "$(TARGET_NAME)";
				SWIFT_VERSION = 4.0;
				TARGETED_DEVICE_FAMILY = "1,2";
			};
			name = Debug;
		};
		0D03A3CF20489EE200786C47 /* Release */ = {
			isa = XCBuildConfiguration;
			baseConfigurationReference = 9B50A7CFBB30971CA343F69F /* Pods-Channel Tests.release.xcconfig */;
			buildSettings = {
				ASSETCATALOG_COMPILER_APPICON_NAME = AppIcon;
				CODE_SIGN_STYLE = Automatic;
				DEVELOPMENT_TEAM = 22U4CL887R;
				INFOPLIST_FILE = "Channel Tests/Info.plist";
				LD_RUNPATH_SEARCH_PATHS = "$(inherited) @executable_path/Frameworks";
				PRODUCT_BUNDLE_IDENTIFIER = "TradeStrat.Channel-Tests";
				PRODUCT_NAME = "$(TARGET_NAME)";
				SWIFT_VERSION = 4.0;
				TARGETED_DEVICE_FAMILY = "1,2";
			};
			name = Release;
		};
/* End XCBuildConfiguration section */

/* Begin XCConfigurationList section */
		0D03A3B320489EE200786C47 /* Build configuration list for PBXProject "Channel Tests" */ = {
			isa = XCConfigurationList;
			buildConfigurations = (
				0D03A3CB20489EE200786C47 /* Debug */,
				0D03A3CC20489EE200786C47 /* Release */,
			);
			defaultConfigurationIsVisible = 0;
			defaultConfigurationName = Release;
		};
		0D03A3CD20489EE200786C47 /* Build configuration list for PBXNativeTarget "Channel Tests" */ = {
			isa = XCConfigurationList;
			buildConfigurations = (
				0D03A3CE20489EE200786C47 /* Debug */,
				0D03A3CF20489EE200786C47 /* Release */,
			);
			defaultConfigurationIsVisible = 0;
			defaultConfigurationName = Release;
		};
/* End XCConfigurationList section */

/* Begin XCVersionGroup section */
		0D03A3C220489EE200786C47 /* Channel_Tests.xcdatamodeld */ = {
			isa = XCVersionGroup;
			children = (
				0D03A3C320489EE200786C47 /* Channel_Tests.xcdatamodel */,
			);
			currentVersion = 0D03A3C320489EE200786C47 /* Channel_Tests.xcdatamodel */;
			path = Channel_Tests.xcdatamodeld;
			sourceTree = "<group>";
			versionGroupType = wrapper.xcdatamodel;
		};
/* End XCVersionGroup section */
	};
	rootObject = 0D03A3B020489EE200786C47 /* Project object */;
}
